
Microsoft Visual Studio Solution File, Format Version 12.00
# Visual Studio Version 16
VisualStudioVersion = 16.0.30804.86
MinimumVisualStudioVersion = 10.0.40219.1
Project("{9A19103F-16F7-4668-BE54-9A1E7A4F7556}") = "RSPGame", "RSPGame.csproj", "{8386B7BD-C3B9-484A-AEF5-212BD1C203AF}"
EndProject
Project("{9A19103F-16F7-4668-BE54-9A1E7A4F7556}") = "RSPGame.UI", "..\RSPGame.UI\RSPGame.UI.csproj", "{E0066E06-32C8-48B6-83EC-5C4F15EF3152}"
EndProject
Global
	GlobalSection(SolutionConfigurationPlatforms) = preSolution
		Debug|Any CPU = Debug|Any CPU
		Release|Any CPU = Release|Any CPU
	EndGlobalSection
	GlobalSection(ProjectConfigurationPlatforms) = postSolution
		{8386B7BD-C3B9-484A-AEF5-212BD1C203AF}.Debug|Any CPU.ActiveCfg = Debug|Any CPU
		{8386B7BD-C3B9-484A-AEF5-212BD1C203AF}.Debug|Any CPU.Build.0 = Debug|Any CPU
		{8386B7BD-C3B9-484A-AEF5-212BD1C203AF}.Release|Any CPU.ActiveCfg = Release|Any CPU
		{8386B7BD-C3B9-484A-AEF5-212BD1C203AF}.Release|Any CPU.Build.0 = Release|Any CPU
		{E0066E06-32C8-48B6-83EC-5C4F15EF3152}.Debug|Any CPU.ActiveCfg = Debug|Any CPU
		{E0066E06-32C8-48B6-83EC-5C4F15EF3152}.Debug|Any CPU.Build.0 = Debug|Any CPU
		{E0066E06-32C8-48B6-83EC-5C4F15EF3152}.Release|Any CPU.ActiveCfg = Release|Any CPU
		{E0066E06-32C8-48B6-83EC-5C4F15EF3152}.Release|Any CPU.Build.0 = Release|Any CPU
	EndGlobalSection
	GlobalSection(SolutionProperties) = preSolution
		HideSolutionNode = FALSE
	EndGlobalSection
	GlobalSection(ExtensibilityGlobals) = postSolution
		SolutionGuid = {8828FE02-498E-4A1C-8F0B-497E45AB3836}
	EndGlobalSection
EndGlobal
